
Microsoft Visual Studio Solution File, Format Version 12.00
# Visual Studio Version 16
VisualStudioVersion = 16.0.30717.126
MinimumVisualStudioVersion = 10.0.40219.1
Project("{9A19103F-16F7-4668-BE54-9A1E7A4F7556}") = "AssemblerSimulator8085", "AssemblerSimulator8085\AssemblerSimulator8085.csproj", "{A1383046-77F0-4A68-8ED7-B880D70E7D72}"
EndProject
Project("{9A19103F-16F7-4668-BE54-9A1E7A4F7556}") = "Tests", "Tests\Tests.csproj", "{C11801EE-7E02-4958-A52F-9A52918EFC06}"
EndProject
Project("{9A19103F-16F7-4668-BE54-9A1E7A4F7556}") = "Simulator8085Client", "Simulator8085Client\Simulator8085Client.csproj", "{21B08C3B-FE3E-46C4-B6C3-F6419ACAEB6A}"
EndProject
Global
	GlobalSection(SolutionConfigurationPlatforms) = preSolution
		Debug|Any CPU = Debug|Any CPU
		Release|Any CPU = Release|Any CPU
	EndGlobalSection
	GlobalSection(ProjectConfigurationPlatforms) = postSolution
		{A1383046-77F0-4A68-8ED7-B880D70E7D72}.Debug|Any CPU.ActiveCfg = Debug|Any CPU
		{A1383046-77F0-4A68-8ED7-B880D70E7D72}.Debug|Any CPU.Build.0 = Debug|Any CPU
		{A1383046-77F0-4A68-8ED7-B880D70E7D72}.Release|Any CPU.ActiveCfg = Release|Any CPU
		{A1383046-77F0-4A68-8ED7-B880D70E7D72}.Release|Any CPU.Build.0 = Release|Any CPU
		{C11801EE-7E02-4958-A52F-9A52918EFC06}.Debug|Any CPU.ActiveCfg = Debug|Any CPU
		{C11801EE-7E02-4958-A52F-9A52918EFC06}.Debug|Any CPU.Build.0 = Debug|Any CPU
		{C11801EE-7E02-4958-A52F-9A52918EFC06}.Release|Any CPU.ActiveCfg = Release|Any CPU
		{C11801EE-7E02-4958-A52F-9A52918EFC06}.Release|Any CPU.Build.0 = Release|Any CPU
		{21B08C3B-FE3E-46C4-B6C3-F6419ACAEB6A}.Debug|Any CPU.ActiveCfg = Debug|Any CPU
		{21B08C3B-FE3E-46C4-B6C3-F6419ACAEB6A}.Debug|Any CPU.Build.0 = Debug|Any CPU
		{21B08C3B-FE3E-46C4-B6C3-F6419ACAEB6A}.Release|Any CPU.ActiveCfg = Release|Any CPU
		{21B08C3B-FE3E-46C4-B6C3-F6419ACAEB6A}.Release|Any CPU.Build.0 = Release|Any CPU
	EndGlobalSection
	GlobalSection(SolutionProperties) = preSolution
		HideSolutionNode = FALSE
	EndGlobalSection
	GlobalSection(ExtensibilityGlobals) = postSolution
		SolutionGuid = {CF1A314D-3026-4013-83A7-881298DDB89D}
	EndGlobalSection
EndGlobal
